
Microsoft Visual Studio Solution File, Format Version 12.00
# Visual Studio Version 16
VisualStudioVersion = 16.0.31112.23
MinimumVisualStudioVersion = 10.0.40219.1
Project("{9A19103F-16F7-4668-BE54-9A1E7A4F7556}") = "BlazorAssignmentWebApplication", "BlazorAssignmentWebApplication.csproj", "{1D5F0665-4391-4585-A012-F3A3D63041DE}"
EndProject
Global
	GlobalSection(SolutionConfigurationPlatforms) = preSolution
		Debug|Any CPU = Debug|Any CPU
		Release|Any CPU = Release|Any CPU
	EndGlobalSection
	GlobalSection(ProjectConfigurationPlatforms) = postSolution
		{1D5F0665-4391-4585-A012-F3A3D63041DE}.Debug|Any CPU.ActiveCfg = Debug|Any CPU
		{1D5F0665-4391-4585-A012-F3A3D63041DE}.Debug|Any CPU.Build.0 = Debug|Any CPU
		{1D5F0665-4391-4585-A012-F3A3D63041DE}.Release|Any CPU.ActiveCfg = Release|Any CPU
		{1D5F0665-4391-4585-A012-F3A3D63041DE}.Release|Any CPU.Build.0 = Release|Any CPU
	EndGlobalSection
	GlobalSection(SolutionProperties) = preSolution
		HideSolutionNode = FALSE
	EndGlobalSection
	GlobalSection(ExtensibilityGlobals) = postSolution
		SolutionGuid = {72BA1A8C-1878-4F9B-932D-1C302A9A47AE}
	EndGlobalSection
EndGlobal
